
Microsoft Visual Studio Solution File, Format Version 12.00
# Visual Studio 15
VisualStudioVersion = 15.0.28307.1738
MinimumVisualStudioVersion = 10.0.40219.1
Project("{9A19103F-16F7-4668-BE54-9A1E7A4F7556}") = "SampledStreamConsumerConsole", "SampledStreamConsumerConsole\SampledStreamConsumerConsole.csproj", "{6482CAD1-471D-4BC4-A5F0-F1F3ABF77CD8}"
EndProject
Project("{9A19103F-16F7-4668-BE54-9A1E7A4F7556}") = "UnitTestsSampledStreamConsumerConsole", "UnitTestsSampledStreamConsumerConsole\UnitTestsSampledStreamConsumerConsole.csproj", "{B86BCDD6-D644-4CF4-8F99-5330B689D027}"
EndProject
Global
	GlobalSection(SolutionConfigurationPlatforms) = preSolution
		Debug|Any CPU = Debug|Any CPU
		Release|Any CPU = Release|Any CPU
	EndGlobalSection
	GlobalSection(ProjectConfigurationPlatforms) = postSolution
		{6482CAD1-471D-4BC4-A5F0-F1F3ABF77CD8}.Debug|Any CPU.ActiveCfg = Debug|Any CPU
		{6482CAD1-471D-4BC4-A5F0-F1F3ABF77CD8}.Debug|Any CPU.Build.0 = Debug|Any CPU
		{6482CAD1-471D-4BC4-A5F0-F1F3ABF77CD8}.Release|Any CPU.ActiveCfg = Release|Any CPU
		{6482CAD1-471D-4BC4-A5F0-F1F3ABF77CD8}.Release|Any CPU.Build.0 = Release|Any CPU
		{B86BCDD6-D644-4CF4-8F99-5330B689D027}.Debug|Any CPU.ActiveCfg = Debug|Any CPU
		{B86BCDD6-D644-4CF4-8F99-5330B689D027}.Debug|Any CPU.Build.0 = Debug|Any CPU
		{B86BCDD6-D644-4CF4-8F99-5330B689D027}.Release|Any CPU.ActiveCfg = Release|Any CPU
		{B86BCDD6-D644-4CF4-8F99-5330B689D027}.Release|Any CPU.Build.0 = Release|Any CPU
	EndGlobalSection
	GlobalSection(SolutionProperties) = preSolution
		HideSolutionNode = FALSE
	EndGlobalSection
	GlobalSection(ExtensibilityGlobals) = postSolution
		SolutionGuid = {B087223F-2513-4950-AE4B-D4566A09B8B4}
	EndGlobalSection
EndGlobal
